<?xml version="1.0" encoding="utf-8"?>
<Project ToolsVersion="4.0" xmlns="http://schemas.microsoft.com/developer/msbuild/2003">
  <ItemGroup>
    <Filter Include="Rage">
      <UniqueIdentifier>{E4B08B7C-D0E7-8C0D-79D4-721065EA080F}</UniqueIdentifier>
    </Filter>
  </ItemGroup>
  <ItemGroup>
    <ClInclude Include="src\Rage.h" />
    <ClInclude Include="src\Rage\Application.h">
      <Filter>Rage</Filter>
    </ClInclude>
    <ClInclude Include="src\Rage\Core.h">
      <Filter>Rage</Filter>
    </ClInclude>
    <ClInclude Include="src\Rage\EntryPoint.h">
      <Filter>Rage</Filter>
    </ClInclude>
    <ClInclude Include="src\Rage\Log.h">
      <Filter>Rage</Filter>
    </ClInclude>
  </ItemGroup>
  <ItemGroup>
    <ClCompile Include="src\Rage\Application.cpp">
      <Filter>Rage</Filter>
    </ClCompile>
    <ClCompile Include="src\Rage\Log.cpp">
      <Filter>Rage</Filter>
    </ClCompile>
  </ItemGroup>
</Project>