<?xml version="1.0" encoding="utf-8"?>
<Project ToolsVersion="4.0" xmlns="http://schemas.microsoft.com/developer/msbuild/2003">
  <ItemGroup>
    <Filter Include="Rage">
      <UniqueIdentifier>{E4B08B7C-D0E7-8C0D-79D4-721065EA080F}</UniqueIdentifier>
    </Filter>
    <Filter Include="Rage\Events">
      <UniqueIdentifier>{48F49C0A-B4A9-1500-3D9E-0FD7A9520C04}</UniqueIdentifier>
    </Filter>
  </ItemGroup>
  <ItemGroup>
    <ClInclude Include="src\Rage.h" />
    <ClInclude Include="src\Rage\Application.h">
      <Filter>Rage</Filter>
    </ClInclude>
    <ClInclude Include="src\Rage\Core.h">
      <Filter>Rage</Filter>
    </ClInclude>
    <ClInclude Include="src\Rage\EntryPoint.h">
      <Filter>Rage</Filter>
    </ClInclude>
    <ClInclude Include="src\Rage\Events\ApplicationEvent.h">
      <Filter>Rage\Events</Filter>
    </ClInclude>
    <ClInclude Include="src\Rage\Events\Event.h">
      <Filter>Rage\Events</Filter>
    </ClInclude>
    <ClInclude Include="src\Rage\Events\KeyEvent.h">
      <Filter>Rage\Events</Filter>
    </ClInclude>
    <ClInclude Include="src\Rage\Events\MouseEvent.h">
      <Filter>Rage\Events</Filter>
    </ClInclude>
    <ClInclude Include="src\Rage\Log.h">
      <Filter>Rage</Filter>
    </ClInclude>
    <ClInclude Include="src\rapch.h" />
  </ItemGroup>
  <ItemGroup>
    <ClCompile Include="src\Rage\Application.cpp">
      <Filter>Rage</Filter>
    </ClCompile>
    <ClCompile Include="src\Rage\Log.cpp">
      <Filter>Rage</Filter>
    </ClCompile>
    <ClCompile Include="src\rapch.cpp" />
  </ItemGroup>
</Project>